
Microsoft Visual Studio Solution File, Format Version 12.00
# Visual Studio 2013
VisualStudioVersion = 12.0.21005.1
MinimumVisualStudioVersion = 10.0.40219.1
Project("{FAE04EC0-301F-11D3-BF4B-00C04F79EFBC}") = "AeroEduLib", "AeroEduLib\AeroEduLib.csproj", "{ADB04C6F-CEDE-4B20-9F50-ACBC9BD0383B}"
EndProject
Project("{FAE04EC0-301F-11D3-BF4B-00C04F79EFBC}") = "AeroEduRegSoft", "AeroEduRegSoft\AeroEduRegSoft.csproj", "{F6139CA0-FF74-4E06-A545-8BD0B41808C9}"
EndProject
Project("{FAE04EC0-301F-11D3-BF4B-00C04F79EFBC}") = "Booth Camera", "Booth Camera\Booth Camera.csproj", "{06971FC7-465D-41B8-AAAE-5DFBE68A4BD4}"
EndProject
Project("{FAE04EC0-301F-11D3-BF4B-00C04F79EFBC}") = "Record Player", "lubo2012\Record Player.csproj", "{CA0B2CD0-AE60-4B99-A75B-25B1F5ABA9A4}"
EndProject
Project("{FAE04EC0-301F-11D3-BF4B-00C04F79EFBC}") = "AeroEduClass", "AeroEduClass\AeroEduClass.csproj", "{1D3DC8D4-9B9C-43FF-8A41-06BC3E2BCCC3}"
EndProject
Project("{2150E333-8FDC-42A3-9474-1A3956D46DE8}") = "Solution Items", "Solution Items", "{53F5210D-9158-472A-9BF6-C05BB92F039F}"
	ProjectSection(SolutionItems) = preProject
		Readme.txt = Readme.txt
	EndProjectSection
EndProject
Project("{6141683F-8A12-4E36-9623-2EB02B2C2303}") = "AeroEduClassSetup", "AeroEduClassSetup\AeroEduClassSetup.isproj", "{EBE1ABC0-9C9E-443F-8C6E-68A9407DE0DD}"
EndProject
Global
	GlobalSection(SolutionConfigurationPlatforms) = preSolution
		CD_ROM|Any CPU = CD_ROM|Any CPU
		CD_ROM|Mixed Platforms = CD_ROM|Mixed Platforms
		CD_ROM|x86 = CD_ROM|x86
		Debug|Any CPU = Debug|Any CPU
		Debug|Mixed Platforms = Debug|Mixed Platforms
		Debug|x86 = Debug|x86
		DVD-5|Any CPU = DVD-5|Any CPU
		DVD-5|Mixed Platforms = DVD-5|Mixed Platforms
		DVD-5|x86 = DVD-5|x86
		Release|Any CPU = Release|Any CPU
		Release|Mixed Platforms = Release|Mixed Platforms
		Release|x86 = Release|x86
		SingleImage|Any CPU = SingleImage|Any CPU
		SingleImage|Mixed Platforms = SingleImage|Mixed Platforms
		SingleImage|x86 = SingleImage|x86
	EndGlobalSection
	GlobalSection(ProjectConfigurationPlatforms) = postSolution
		{ADB04C6F-CEDE-4B20-9F50-ACBC9BD0383B}.CD_ROM|Any CPU.ActiveCfg = Release|Any CPU
		{ADB04C6F-CEDE-4B20-9F50-ACBC9BD0383B}.CD_ROM|Any CPU.Build.0 = Release|Any CPU
		{ADB04C6F-CEDE-4B20-9F50-ACBC9BD0383B}.CD_ROM|Mixed Platforms.ActiveCfg = Release|Any CPU
		{ADB04C6F-CEDE-4B20-9F50-ACBC9BD0383B}.CD_ROM|Mixed Platforms.Build.0 = Release|Any CPU
		{ADB04C6F-CEDE-4B20-9F50-ACBC9BD0383B}.CD_ROM|x86.ActiveCfg = Release|Any CPU
		{ADB04C6F-CEDE-4B20-9F50-ACBC9BD0383B}.Debug|Any CPU.ActiveCfg = Debug|Any CPU
		{ADB04C6F-CEDE-4B20-9F50-ACBC9BD0383B}.Debug|Any CPU.Build.0 = Debug|Any CPU
		{ADB04C6F-CEDE-4B20-9F50-ACBC9BD0383B}.Debug|Mixed Platforms.ActiveCfg = Debug|Any CPU
		{ADB04C6F-CEDE-4B20-9F50-ACBC9BD0383B}.Debug|Mixed Platforms.Build.0 = Debug|Any CPU
		{ADB04C6F-CEDE-4B20-9F50-ACBC9BD0383B}.Debug|x86.ActiveCfg = Debug|Any CPU
		{ADB04C6F-CEDE-4B20-9F50-ACBC9BD0383B}.DVD-5|Any CPU.ActiveCfg = Debug|Any CPU
		{ADB04C6F-CEDE-4B20-9F50-ACBC9BD0383B}.DVD-5|Any CPU.Build.0 = Debug|Any CPU
		{ADB04C6F-CEDE-4B20-9F50-ACBC9BD0383B}.DVD-5|Mixed Platforms.ActiveCfg = Debug|Any CPU
		{ADB04C6F-CEDE-4B20-9F50-ACBC9BD0383B}.DVD-5|Mixed Platforms.Build.0 = Debug|Any CPU
		{ADB04C6F-CEDE-4B20-9F50-ACBC9BD0383B}.DVD-5|x86.ActiveCfg = Debug|Any CPU
		{ADB04C6F-CEDE-4B20-9F50-ACBC9BD0383B}.Release|Any CPU.ActiveCfg = Release|Any CPU
		{ADB04C6F-CEDE-4B20-9F50-ACBC9BD0383B}.Release|Any CPU.Build.0 = Release|Any CPU
		{ADB04C6F-CEDE-4B20-9F50-ACBC9BD0383B}.Release|Mixed Platforms.ActiveCfg = Release|Any CPU
		{ADB04C6F-CEDE-4B20-9F50-ACBC9BD0383B}.Release|Mixed Platforms.Build.0 = Release|Any CPU
		{ADB04C6F-CEDE-4B20-9F50-ACBC9BD0383B}.Release|x86.ActiveCfg = Release|Any CPU
		{ADB04C6F-CEDE-4B20-9F50-ACBC9BD0383B}.SingleImage|Any CPU.ActiveCfg = Release|Any CPU
		{ADB04C6F-CEDE-4B20-9F50-ACBC9BD0383B}.SingleImage|Any CPU.Build.0 = Release|Any CPU
		{ADB04C6F-CEDE-4B20-9F50-ACBC9BD0383B}.SingleImage|Mixed Platforms.ActiveCfg = Release|Any CPU
		{ADB04C6F-CEDE-4B20-9F50-ACBC9BD0383B}.SingleImage|Mixed Platforms.Build.0 = Release|Any CPU
		{ADB04C6F-CEDE-4B20-9F50-ACBC9BD0383B}.SingleImage|x86.ActiveCfg = Release|Any CPU
		{F6139CA0-FF74-4E06-A545-8BD0B41808C9}.CD_ROM|Any CPU.ActiveCfg = Release|Any CPU
		{F6139CA0-FF74-4E06-A545-8BD0B41808C9}.CD_ROM|Any CPU.Build.0 = Release|Any CPU
		{F6139CA0-FF74-4E06-A545-8BD0B41808C9}.CD_ROM|Mixed Platforms.ActiveCfg = Release|Any CPU
		{F6139CA0-FF74-4E06-A545-8BD0B41808C9}.CD_ROM|Mixed Platforms.Build.0 = Release|Any CPU
		{F6139CA0-FF74-4E06-A545-8BD0B41808C9}.CD_ROM|x86.ActiveCfg = Release|Any CPU
		{F6139CA0-FF74-4E06-A545-8BD0B41808C9}.Debug|Any CPU.ActiveCfg = Debug|Any CPU
		{F6139CA0-FF74-4E06-A545-8BD0B41808C9}.Debug|Any CPU.Build.0 = Debug|Any CPU
		{F6139CA0-FF74-4E06-A545-8BD0B41808C9}.Debug|Mixed Platforms.ActiveCfg = Debug|Any CPU
		{F6139CA0-FF74-4E06-A545-8BD0B41808C9}.Debug|Mixed Platforms.Build.0 = Debug|Any CPU
		{F6139CA0-FF74-4E06-A545-8BD0B41808C9}.Debug|x86.ActiveCfg = Debug|Any CPU
		{F6139CA0-FF74-4E06-A545-8BD0B41808C9}.DVD-5|Any CPU.ActiveCfg = Debug|Any CPU
		{F6139CA0-FF74-4E06-A545-8BD0B41808C9}.DVD-5|Any CPU.Build.0 = Debug|Any CPU
		{F6139CA0-FF74-4E06-A545-8BD0B41808C9}.DVD-5|Mixed Platforms.ActiveCfg = Debug|Any CPU
		{F6139CA0-FF74-4E06-A545-8BD0B41808C9}.DVD-5|Mixed Platforms.Build.0 = Debug|Any CPU
		{F6139CA0-FF74-4E06-A545-8BD0B41808C9}.DVD-5|x86.ActiveCfg = Debug|Any CPU
		{F6139CA0-FF74-4E06-A545-8BD0B41808C9}.Release|Any CPU.ActiveCfg = Release|Any CPU
		{F6139CA0-FF74-4E06-A545-8BD0B41808C9}.Release|Any CPU.Build.0 = Release|Any CPU
		{F6139CA0-FF74-4E06-A545-8BD0B41808C9}.Release|Mixed Platforms.ActiveCfg = Release|Any CPU
		{F6139CA0-FF74-4E06-A545-8BD0B41808C9}.Release|Mixed Platforms.Build.0 = Release|Any CPU
		{F6139CA0-FF74-4E06-A545-8BD0B41808C9}.Release|x86.ActiveCfg = Release|Any CPU
		{F6139CA0-FF74-4E06-A545-8BD0B41808C9}.SingleImage|Any CPU.ActiveCfg = Release|Any CPU
		{F6139CA0-FF74-4E06-A545-8BD0B41808C9}.SingleImage|Any CPU.Build.0 = Release|Any CPU
		{F6139CA0-FF74-4E06-A545-8BD0B41808C9}.SingleImage|Mixed Platforms.ActiveCfg = Release|Any CPU
		{F6139CA0-FF74-4E06-A545-8BD0B41808C9}.SingleImage|Mixed Platforms.Build.0 = Release|Any CPU
		{F6139CA0-FF74-4E06-A545-8BD0B41808C9}.SingleImage|x86.ActiveCfg = Release|Any CPU
		{06971FC7-465D-41B8-AAAE-5DFBE68A4BD4}.CD_ROM|Any CPU.ActiveCfg = Release|Any CPU
		{06971FC7-465D-41B8-AAAE-5DFBE68A4BD4}.CD_ROM|Any CPU.Build.0 = Release|Any CPU
		{06971FC7-465D-41B8-AAAE-5DFBE68A4BD4}.CD_ROM|Mixed Platforms.ActiveCfg = Release|Any CPU
		{06971FC7-465D-41B8-AAAE-5DFBE68A4BD4}.CD_ROM|Mixed Platforms.Build.0 = Release|Any CPU
		{06971FC7-465D-41B8-AAAE-5DFBE68A4BD4}.CD_ROM|x86.ActiveCfg = Release|Any CPU
		{06971FC7-465D-41B8-AAAE-5DFBE68A4BD4}.Debug|Any CPU.ActiveCfg = Debug|Any CPU
		{06971FC7-465D-41B8-AAAE-5DFBE68A4BD4}.Debug|Any CPU.Build.0 = Debug|Any CPU
		{06971FC7-465D-41B8-AAAE-5DFBE68A4BD4}.Debug|Mixed Platforms.ActiveCfg = Debug|Any CPU
		{06971FC7-465D-41B8-AAAE-5DFBE68A4BD4}.Debug|Mixed Platforms.Build.0 = Debug|Any CPU
		{06971FC7-465D-41B8-AAAE-5DFBE68A4BD4}.Debug|x86.ActiveCfg = Debug|Any CPU
		{06971FC7-465D-41B8-AAAE-5DFBE68A4BD4}.DVD-5|Any CPU.ActiveCfg = Debug|Any CPU
		{06971FC7-465D-41B8-AAAE-5DFBE68A4BD4}.DVD-5|Any CPU.Build.0 = Debug|Any CPU
		{06971FC7-465D-41B8-AAAE-5DFBE68A4BD4}.DVD-5|Mixed Platforms.ActiveCfg = Debug|Any CPU
		{06971FC7-465D-41B8-AAAE-5DFBE68A4BD4}.DVD-5|Mixed Platforms.Build.0 = Debug|Any CPU
		{06971FC7-465D-41B8-AAAE-5DFBE68A4BD4}.DVD-5|x86.ActiveCfg = Debug|Any CPU
		{06971FC7-465D-41B8-AAAE-5DFBE68A4BD4}.Release|Any CPU.ActiveCfg = Release|Any CPU
		{06971FC7-465D-41B8-AAAE-5DFBE68A4BD4}.Release|Any CPU.Build.0 = Release|Any CPU
		{06971FC7-465D-41B8-AAAE-5DFBE68A4BD4}.Release|Mixed Platforms.ActiveCfg = Release|Any CPU
		{06971FC7-465D-41B8-AAAE-5DFBE68A4BD4}.Release|Mixed Platforms.Build.0 = Release|Any CPU
		{06971FC7-465D-41B8-AAAE-5DFBE68A4BD4}.Release|x86.ActiveCfg = Release|Any CPU
		{06971FC7-465D-41B8-AAAE-5DFBE68A4BD4}.SingleImage|Any CPU.ActiveCfg = Release|Any CPU
		{06971FC7-465D-41B8-AAAE-5DFBE68A4BD4}.SingleImage|Any CPU.Build.0 = Release|Any CPU
		{06971FC7-465D-41B8-AAAE-5DFBE68A4BD4}.SingleImage|Mixed Platforms.ActiveCfg = Release|Any CPU
		{06971FC7-465D-41B8-AAAE-5DFBE68A4BD4}.SingleImage|Mixed Platforms.Build.0 = Release|Any CPU
		{06971FC7-465D-41B8-AAAE-5DFBE68A4BD4}.SingleImage|x86.ActiveCfg = Release|Any CPU
		{CA0B2CD0-AE60-4B99-A75B-25B1F5ABA9A4}.CD_ROM|Any CPU.ActiveCfg = Release|Any CPU
		{CA0B2CD0-AE60-4B99-A75B-25B1F5ABA9A4}.CD_ROM|Any CPU.Build.0 = Release|Any CPU
		{CA0B2CD0-AE60-4B99-A75B-25B1F5ABA9A4}.CD_ROM|Mixed Platforms.ActiveCfg = Release|Any CPU
		{CA0B2CD0-AE60-4B99-A75B-25B1F5ABA9A4}.CD_ROM|Mixed Platforms.Build.0 = Release|Any CPU
		{CA0B2CD0-AE60-4B99-A75B-25B1F5ABA9A4}.CD_ROM|x86.ActiveCfg = Release|Any CPU
		{CA0B2CD0-AE60-4B99-A75B-25B1F5ABA9A4}.Debug|Any CPU.ActiveCfg = Debug|Any CPU
		{CA0B2CD0-AE60-4B99-A75B-25B1F5ABA9A4}.Debug|Any CPU.Build.0 = Debug|Any CPU
		{CA0B2CD0-AE60-4B99-A75B-25B1F5ABA9A4}.Debug|Mixed Platforms.ActiveCfg = Debug|Any CPU
		{CA0B2CD0-AE60-4B99-A75B-25B1F5ABA9A4}.Debug|Mixed Platforms.Build.0 = Debug|Any CPU
		{CA0B2CD0-AE60-4B99-A75B-25B1F5ABA9A4}.Debug|x86.ActiveCfg = Debug|Any CPU
		{CA0B2CD0-AE60-4B99-A75B-25B1F5ABA9A4}.DVD-5|Any CPU.ActiveCfg = Debug|Any CPU
		{CA0B2CD0-AE60-4B99-A75B-25B1F5ABA9A4}.DVD-5|Any CPU.Build.0 = Debug|Any CPU
		{CA0B2CD0-AE60-4B99-A75B-25B1F5ABA9A4}.DVD-5|Mixed Platforms.ActiveCfg = Debug|Any CPU
		{CA0B2CD0-AE60-4B99-A75B-25B1F5ABA9A4}.DVD-5|Mixed Platforms.Build.0 = Debug|Any CPU
		{CA0B2CD0-AE60-4B99-A75B-25B1F5ABA9A4}.DVD-5|x86.ActiveCfg = Debug|Any CPU
		{CA0B2CD0-AE60-4B99-A75B-25B1F5ABA9A4}.Release|Any CPU.ActiveCfg = Release|Any CPU
		{CA0B2CD0-AE60-4B99-A75B-25B1F5ABA9A4}.Release|Any CPU.Build.0 = Release|Any CPU
		{CA0B2CD0-AE60-4B99-A75B-25B1F5ABA9A4}.Release|Mixed Platforms.ActiveCfg = Release|Any CPU
		{CA0B2CD0-AE60-4B99-A75B-25B1F5ABA9A4}.Release|Mixed Platforms.Build.0 = Release|Any CPU
		{CA0B2CD0-AE60-4B99-A75B-25B1F5ABA9A4}.Release|x86.ActiveCfg = Release|Any CPU
		{CA0B2CD0-AE60-4B99-A75B-25B1F5ABA9A4}.SingleImage|Any CPU.ActiveCfg = Release|Any CPU
		{CA0B2CD0-AE60-4B99-A75B-25B1F5ABA9A4}.SingleImage|Any CPU.Build.0 = Release|Any CPU
		{CA0B2CD0-AE60-4B99-A75B-25B1F5ABA9A4}.SingleImage|Mixed Platforms.ActiveCfg = Release|Any CPU
		{CA0B2CD0-AE60-4B99-A75B-25B1F5ABA9A4}.SingleImage|Mixed Platforms.Build.0 = Release|Any CPU
		{CA0B2CD0-AE60-4B99-A75B-25B1F5ABA9A4}.SingleImage|x86.ActiveCfg = Release|Any CPU
		{1D3DC8D4-9B9C-43FF-8A41-06BC3E2BCCC3}.CD_ROM|Any CPU.ActiveCfg = Release|x86
		{1D3DC8D4-9B9C-43FF-8A41-06BC3E2BCCC3}.CD_ROM|Mixed Platforms.ActiveCfg = Release|x86
		{1D3DC8D4-9B9C-43FF-8A41-06BC3E2BCCC3}.CD_ROM|Mixed Platforms.Build.0 = Release|x86
		{1D3DC8D4-9B9C-43FF-8A41-06BC3E2BCCC3}.CD_ROM|x86.ActiveCfg = Release|x86
		{1D3DC8D4-9B9C-43FF-8A41-06BC3E2BCCC3}.CD_ROM|x86.Build.0 = Release|x86
		{1D3DC8D4-9B9C-43FF-8A41-06BC3E2BCCC3}.Debug|Any CPU.ActiveCfg = Debug|x86
		{1D3DC8D4-9B9C-43FF-8A41-06BC3E2BCCC3}.Debug|Mixed Platforms.ActiveCfg = Debug|x86
		{1D3DC8D4-9B9C-43FF-8A41-06BC3E2BCCC3}.Debug|Mixed Platforms.Build.0 = Debug|x86
		{1D3DC8D4-9B9C-43FF-8A41-06BC3E2BCCC3}.Debug|x86.ActiveCfg = Debug|x86
		{1D3DC8D4-9B9C-43FF-8A41-06BC3E2BCCC3}.Debug|x86.Build.0 = Debug|x86
		{1D3DC8D4-9B9C-43FF-8A41-06BC3E2BCCC3}.DVD-5|Any CPU.ActiveCfg = Debug|x86
		{1D3DC8D4-9B9C-43FF-8A41-06BC3E2BCCC3}.DVD-5|Mixed Platforms.ActiveCfg = Debug|x86
		{1D3DC8D4-9B9C-43FF-8A41-06BC3E2BCCC3}.DVD-5|Mixed Platforms.Build.0 = Debug|x86
		{1D3DC8D4-9B9C-43FF-8A41-06BC3E2BCCC3}.DVD-5|x86.ActiveCfg = Debug|x86
		{1D3DC8D4-9B9C-43FF-8A41-06BC3E2BCCC3}.DVD-5|x86.Build.0 = Debug|x86
		{1D3DC8D4-9B9C-43FF-8A41-06BC3E2BCCC3}.Release|Any CPU.ActiveCfg = Release|x86
		{1D3DC8D4-9B9C-43FF-8A41-06BC3E2BCCC3}.Release|Mixed Platforms.ActiveCfg = Release|x86
		{1D3DC8D4-9B9C-43FF-8A41-06BC3E2BCCC3}.Release|Mixed Platforms.Build.0 = Release|x86
		{1D3DC8D4-9B9C-43FF-8A41-06BC3E2BCCC3}.Release|x86.ActiveCfg = Release|x86
		{1D3DC8D4-9B9C-43FF-8A41-06BC3E2BCCC3}.Release|x86.Build.0 = Release|x86
		{1D3DC8D4-9B9C-43FF-8A41-06BC3E2BCCC3}.SingleImage|Any CPU.ActiveCfg = Release|x86
		{1D3DC8D4-9B9C-43FF-8A41-06BC3E2BCCC3}.SingleImage|Mixed Platforms.ActiveCfg = Release|x86
		{1D3DC8D4-9B9C-43FF-8A41-06BC3E2BCCC3}.SingleImage|Mixed Platforms.Build.0 = Release|x86
		{1D3DC8D4-9B9C-43FF-8A41-06BC3E2BCCC3}.SingleImage|x86.ActiveCfg = Release|x86
		{1D3DC8D4-9B9C-43FF-8A41-06BC3E2BCCC3}.SingleImage|x86.Build.0 = Release|x86
		{EBE1ABC0-9C9E-443F-8C6E-68A9407DE0DD}.CD_ROM|Any CPU.ActiveCfg = CD_ROM
		{EBE1ABC0-9C9E-443F-8C6E-68A9407DE0DD}.CD_ROM|Any CPU.Build.0 = CD_ROM
		{EBE1ABC0-9C9E-443F-8C6E-68A9407DE0DD}.CD_ROM|Mixed Platforms.ActiveCfg = CD_ROM
		{EBE1ABC0-9C9E-443F-8C6E-68A9407DE0DD}.CD_ROM|Mixed Platforms.Build.0 = CD_ROM
		{EBE1ABC0-9C9E-443F-8C6E-68A9407DE0DD}.CD_ROM|x86.ActiveCfg = CD_ROM
		{EBE1ABC0-9C9E-443F-8C6E-68A9407DE0DD}.CD_ROM|x86.Build.0 = CD_ROM
		{EBE1ABC0-9C9E-443F-8C6E-68A9407DE0DD}.Debug|Any CPU.ActiveCfg = DVD-5
		{EBE1ABC0-9C9E-443F-8C6E-68A9407DE0DD}.Debug|Any CPU.Build.0 = DVD-5
		{EBE1ABC0-9C9E-443F-8C6E-68A9407DE0DD}.Debug|Mixed Platforms.ActiveCfg = DVD-5
		{EBE1ABC0-9C9E-443F-8C6E-68A9407DE0DD}.Debug|Mixed Platforms.Build.0 = DVD-5
		{EBE1ABC0-9C9E-443F-8C6E-68A9407DE0DD}.Debug|x86.ActiveCfg = DVD-5
		{EBE1ABC0-9C9E-443F-8C6E-68A9407DE0DD}.Debug|x86.Build.0 = DVD-5
		{EBE1ABC0-9C9E-443F-8C6E-68A9407DE0DD}.DVD-5|Any CPU.ActiveCfg = DVD-5
		{EBE1ABC0-9C9E-443F-8C6E-68A9407DE0DD}.DVD-5|Any CPU.Build.0 = DVD-5
		{EBE1ABC0-9C9E-443F-8C6E-68A9407DE0DD}.DVD-5|Mixed Platforms.ActiveCfg = DVD-5
		{EBE1ABC0-9C9E-443F-8C6E-68A9407DE0DD}.DVD-5|Mixed Platforms.Build.0 = DVD-5
		{EBE1ABC0-9C9E-443F-8C6E-68A9407DE0DD}.DVD-5|x86.ActiveCfg = DVD-5
		{EBE1ABC0-9C9E-443F-8C6E-68A9407DE0DD}.DVD-5|x86.Build.0 = DVD-5
		{EBE1ABC0-9C9E-443F-8C6E-68A9407DE0DD}.Release|Any CPU.ActiveCfg = SingleImage
		{EBE1ABC0-9C9E-443F-8C6E-68A9407DE0DD}.Release|Any CPU.Build.0 = SingleImage
		{EBE1ABC0-9C9E-443F-8C6E-68A9407DE0DD}.Release|Mixed Platforms.ActiveCfg = SingleImage
		{EBE1ABC0-9C9E-443F-8C6E-68A9407DE0DD}.Release|Mixed Platforms.Build.0 = SingleImage
		{EBE1ABC0-9C9E-443F-8C6E-68A9407DE0DD}.Release|x86.ActiveCfg = SingleImage
		{EBE1ABC0-9C9E-443F-8C6E-68A9407DE0DD}.Release|x86.Build.0 = SingleImage
		{EBE1ABC0-9C9E-443F-8C6E-68A9407DE0DD}.SingleImage|Any CPU.ActiveCfg = SingleImage
		{EBE1ABC0-9C9E-443F-8C6E-68A9407DE0DD}.SingleImage|Any CPU.Build.0 = SingleImage
		{EBE1ABC0-9C9E-443F-8C6E-68A9407DE0DD}.SingleImage|Mixed Platforms.ActiveCfg = SingleImage
		{EBE1ABC0-9C9E-443F-8C6E-68A9407DE0DD}.SingleImage|Mixed Platforms.Build.0 = SingleImage
		{EBE1ABC0-9C9E-443F-8C6E-68A9407DE0DD}.SingleImage|x86.ActiveCfg = SingleImage
		{EBE1ABC0-9C9E-443F-8C6E-68A9407DE0DD}.SingleImage|x86.Build.0 = SingleImage
	EndGlobalSection
	GlobalSection(SolutionProperties) = preSolution
		HideSolutionNode = FALSE
	EndGlobalSection
	GlobalSection(SubversionScc) = preSolution
		Svn-Managed = True
		Manager = AnkhSVN - Subversion Support for Visual Studio
	EndGlobalSection
EndGlobal
